
Microsoft Visual Studio Solution File, Format Version 12.00
# Visual Studio Version 17
VisualStudioVersion = 17.3.32825.248
MinimumVisualStudioVersion = 10.0.40219.1
Project("{9A19103F-16F7-4668-BE54-9A1E7A4F7556}") = "PasswordManager.Domain", "PasswordManager.Domain\PasswordManager.Domain.csproj", "{BEFAB631-12C5-4A21-96A3-7807A9E57379}"
EndProject
Project("{9A19103F-16F7-4668-BE54-9A1E7A4F7556}") = "PasswordManager.Application", "PasswordManager.Application\PasswordManager.Application.csproj", "{9D032B1E-ACDE-47E5-8879-D46677862562}"
EndProject
Project("{9A19103F-16F7-4668-BE54-9A1E7A4F7556}") = "PasswordManager.Infrastructure", "PasswordManager.Infrastructure\PasswordManager.Infrastructure.csproj", "{49C61B64-B0EE-4A3A-B1D7-30BC5E1C2CED}"
EndProject
Project("{9A19103F-16F7-4668-BE54-9A1E7A4F7556}") = "PasswordManager.API", "PasswordManager.API\PasswordManager.API.csproj", "{5DC796D1-A576-4CC7-93D9-6F311A2C511D}"
EndProject
Project("{9A19103F-16F7-4668-BE54-9A1E7A4F7556}") = "PasswordManager.UI", "PasswordManager.UI\PasswordManager.UI.csproj", "{D26F14AF-4CAE-46CA-9039-D6F6B9777F6C}"
EndProject
Global
	GlobalSection(SolutionConfigurationPlatforms) = preSolution
		Debug|Any CPU = Debug|Any CPU
		Release|Any CPU = Release|Any CPU
	EndGlobalSection
	GlobalSection(ProjectConfigurationPlatforms) = postSolution
		{BEFAB631-12C5-4A21-96A3-7807A9E57379}.Debug|Any CPU.ActiveCfg = Debug|Any CPU
		{BEFAB631-12C5-4A21-96A3-7807A9E57379}.Debug|Any CPU.Build.0 = Debug|Any CPU
		{BEFAB631-12C5-4A21-96A3-7807A9E57379}.Release|Any CPU.ActiveCfg = Release|Any CPU
		{BEFAB631-12C5-4A21-96A3-7807A9E57379}.Release|Any CPU.Build.0 = Release|Any CPU
		{9D032B1E-ACDE-47E5-8879-D46677862562}.Debug|Any CPU.ActiveCfg = Debug|Any CPU
		{9D032B1E-ACDE-47E5-8879-D46677862562}.Debug|Any CPU.Build.0 = Debug|Any CPU
		{9D032B1E-ACDE-47E5-8879-D46677862562}.Release|Any CPU.ActiveCfg = Release|Any CPU
		{9D032B1E-ACDE-47E5-8879-D46677862562}.Release|Any CPU.Build.0 = Release|Any CPU
		{49C61B64-B0EE-4A3A-B1D7-30BC5E1C2CED}.Debug|Any CPU.ActiveCfg = Debug|Any CPU
		{49C61B64-B0EE-4A3A-B1D7-30BC5E1C2CED}.Debug|Any CPU.Build.0 = Debug|Any CPU
		{49C61B64-B0EE-4A3A-B1D7-30BC5E1C2CED}.Release|Any CPU.ActiveCfg = Release|Any CPU
		{49C61B64-B0EE-4A3A-B1D7-30BC5E1C2CED}.Release|Any CPU.Build.0 = Release|Any CPU
		{5DC796D1-A576-4CC7-93D9-6F311A2C511D}.Debug|Any CPU.ActiveCfg = Debug|Any CPU
		{5DC796D1-A576-4CC7-93D9-6F311A2C511D}.Debug|Any CPU.Build.0 = Debug|Any CPU
		{5DC796D1-A576-4CC7-93D9-6F311A2C511D}.Release|Any CPU.ActiveCfg = Release|Any CPU
		{5DC796D1-A576-4CC7-93D9-6F311A2C511D}.Release|Any CPU.Build.0 = Release|Any CPU
		{D26F14AF-4CAE-46CA-9039-D6F6B9777F6C}.Debug|Any CPU.ActiveCfg = Debug|Any CPU
		{D26F14AF-4CAE-46CA-9039-D6F6B9777F6C}.Debug|Any CPU.Build.0 = Debug|Any CPU
		{D26F14AF-4CAE-46CA-9039-D6F6B9777F6C}.Release|Any CPU.ActiveCfg = Release|Any CPU
		{D26F14AF-4CAE-46CA-9039-D6F6B9777F6C}.Release|Any CPU.Build.0 = Release|Any CPU
	EndGlobalSection
	GlobalSection(SolutionProperties) = preSolution
		HideSolutionNode = FALSE
	EndGlobalSection
	GlobalSection(ExtensibilityGlobals) = postSolution
		SolutionGuid = {2331BC99-F1A7-46BC-8D2B-8339BF52A6AA}
	EndGlobalSection
EndGlobal
